// !$*UTF8*$!
{
	archiveVersion = 1;
	classes = {
	};
	objectVersion = 55;
	objects = {

/* Begin PBXBuildFile section */
		5C8E8733294664B9004A2F38 /* TestCell.swift in Sources */ = {isa = PBXBuildFile; fileRef = 5C8E8731294664B8004A2F38 /* TestCell.swift */; };
		5C8E8734294664B9004A2F38 /* TestCell.xib in Resources */ = {isa = PBXBuildFile; fileRef = 5C8E8732294664B9004A2F38 /* TestCell.xib */; };
		5CBE0D292946325F00056A5B /* AppDelegate.swift in Sources */ = {isa = PBXBuildFile; fileRef = 5CBE0D282946325F00056A5B /* AppDelegate.swift */; };
		5CBE0D2D2946325F00056A5B /* ViewController.swift in Sources */ = {isa = PBXBuildFile; fileRef = 5CBE0D2C2946325F00056A5B /* ViewController.swift */; };
		5CBE0D302946325F00056A5B /* Main.storyboard in Resources */ = {isa = PBXBuildFile; fileRef = 5CBE0D2E2946325F00056A5B /* Main.storyboard */; };
		5CBE0D322946325F00056A5B /* Assets.xcassets in Resources */ = {isa = PBXBuildFile; fileRef = 5CBE0D312946325F00056A5B /* Assets.xcassets */; };
		5CBE0D352946325F00056A5B /* LaunchScreen.storyboard in Resources */ = {isa = PBXBuildFile; fileRef = 5CBE0D332946325F00056A5B /* LaunchScreen.storyboard */; };
		5CBE0D3E2946331D00056A5B /* PUVC.swift in Sources */ = {isa = PBXBuildFile; fileRef = 5CBE0D3C2946331D00056A5B /* PUVC.swift */; };
		5CBE0D3F2946331D00056A5B /* PUVC.xib in Resources */ = {isa = PBXBuildFile; fileRef = 5CBE0D3D2946331D00056A5B /* PUVC.xib */; };
/* End PBXBuildFile section */

/* Begin PBXFileReference section */
		5C8E8731294664B8004A2F38 /* TestCell.swift */ = {isa = PBXFileReference; lastKnownFileType = sourcecode.swift; path = TestCell.swift; sourceTree = "<group>"; };
		5C8E8732294664B9004A2F38 /* TestCell.xib */ = {isa = PBXFileReference; lastKnownFileType = file.xib; path = TestCell.xib; sourceTree = "<group>"; };
		5CBE0D252946325F00056A5B /* PUVC.app */ = {isa = PBXFileReference; explicitFileType = wrapper.application; includeInIndex = 0; path = PUVC.app; sourceTree = BUILT_PRODUCTS_DIR; };
		5CBE0D282946325F00056A5B /* AppDelegate.swift */ = {isa = PBXFileReference; lastKnownFileType = sourcecode.swift; path = AppDelegate.swift; sourceTree = "<group>"; };
		5CBE0D2C2946325F00056A5B /* ViewController.swift */ = {isa = PBXFileReference; lastKnownFileType = sourcecode.swift; path = ViewController.swift; sourceTree = "<group>"; };
		5CBE0D2F2946325F00056A5B /* Base */ = {isa = PBXFileReference; lastKnownFileType = file.storyboard; name = Base; path = Base.lproj/Main.storyboard; sourceTree = "<group>"; };
		5CBE0D312946325F00056A5B /* Assets.xcassets */ = {isa = PBXFileReference; lastKnownFileType = folder.assetcatalog; path = Assets.xcassets; sourceTree = "<group>"; };
		5CBE0D342946325F00056A5B /* Base */ = {isa = PBXFileReference; lastKnownFileType = file.storyboard; name = Base; path = Base.lproj/LaunchScreen.storyboard; sourceTree = "<group>"; };
		5CBE0D362946325F00056A5B /* Info.plist */ = {isa = PBXFileReference; lastKnownFileType = text.plist.xml; path = Info.plist; sourceTree = "<group>"; };
		5CBE0D3C2946331D00056A5B /* PUVC.swift */ = {isa = PBXFileReference; lastKnownFileType = sourcecode.swift; path = PUVC.swift; sourceTree = "<group>"; };
		5CBE0D3D2946331D00056A5B /* PUVC.xib */ = {isa = PBXFileReference; lastKnownFileType = file.xib; path = PUVC.xib; sourceTree = "<group>"; };
/* End PBXFileReference section */

/* Begin PBXFrameworksBuildPhase section */
		5CBE0D222946325F00056A5B /* Frameworks */ = {
			isa = PBXFrameworksBuildPhase;
			buildActionMask = 2147483647;
			files = (
			);
			runOnlyForDeploymentPostprocessing = 0;
		};
/* End PBXFrameworksBuildPhase section */

/* Begin PBXGroup section */
		5CBE0D1C2946325F00056A5B = {
			isa = PBXGroup;
			children = (
				5CBE0D272946325F00056A5B /* PUVC */,
				5CBE0D262946325F00056A5B /* Products */,
			);
			sourceTree = "<group>";
		};
		5CBE0D262946325F00056A5B /* Products */ = {
			isa = PBXGroup;
			children = (
				5CBE0D252946325F00056A5B /* PUVC.app */,
			);
			name = Products;
			sourceTree = "<group>";
		};
		5CBE0D272946325F00056A5B /* PUVC */ = {
			isa = PBXGroup;
			children = (
				5CBE0D282946325F00056A5B /* AppDelegate.swift */,
				5CBE0D2C2946325F00056A5B /* ViewController.swift */,
				5CBE0D2E2946325F00056A5B /* Main.storyboard */,
				5C8E8731294664B8004A2F38 /* TestCell.swift */,
				5C8E8732294664B9004A2F38 /* TestCell.xib */,
				5CBE0D312946325F00056A5B /* Assets.xcassets */,
				5CBE0D332946325F00056A5B /* LaunchScreen.storyboard */,
				5CBE0D362946325F00056A5B /* Info.plist */,
				5CBE0D3C2946331D00056A5B /* PUVC.swift */,
				5CBE0D3D2946331D00056A5B /* PUVC.xib */,
			);
			path = PUVC;
			sourceTree = "<group>";
		};
/* End PBXGroup section */

/* Begin PBXNativeTarget section */
		5CBE0D242946325F00056A5B /* PUVC */ = {
			isa = PBXNativeTarget;
			buildConfigurationList = 5CBE0D392946325F00056A5B /* Build configuration list for PBXNativeTarget "PUVC" */;
			buildPhases = (
				5CBE0D212946325F00056A5B /* Sources */,
				5CBE0D222946325F00056A5B /* Frameworks */,
				5CBE0D232946325F00056A5B /* Resources */,
			);
			buildRules = (
			);
			dependencies = (
			);
			name = PUVC;
			productName = PUVC;
			productReference = 5CBE0D252946325F00056A5B /* PUVC.app */;
			productType = "com.apple.product-type.application";
		};
/* End PBXNativeTarget section */

/* Begin PBXProject section */
		5CBE0D1D2946325F00056A5B /* Project object */ = {
			isa = PBXProject;
			attributes = {
				BuildIndependentTargetsInParallel = 1;
				LastSwiftUpdateCheck = 1340;
				LastUpgradeCheck = 1340;
				TargetAttributes = {
					5CBE0D242946325F00056A5B = {
						CreatedOnToolsVersion = 13.4.1;
					};
				};
			};
			buildConfigurationList = 5CBE0D202946325F00056A5B /* Build configuration list for PBXProject "PUVC" */;
			compatibilityVersion = "Xcode 13.0";
			developmentRegion = en;
			hasScannedForEncodings = 0;
			knownRegions = (
				en,
				Base,
			);
			mainGroup = 5CBE0D1C2946325F00056A5B;
			productRefGroup = 5CBE0D262946325F00056A5B /* Products */;
			projectDirPath = "";
			projectRoot = "";
			targets = (
				5CBE0D242946325F00056A5B /* PUVC */,
			);
		};
/* End PBXProject section */

/* Begin PBXResourcesBuildPhase section */
		5CBE0D232946325F00056A5B /* Resources */ = {
			isa = PBXResourcesBuildPhase;
			buildActionMask = 2147483647;
			files = (
				5CBE0D352946325F00056A5B /* LaunchScreen.storyboard in Resources */,
				5CBE0D322946325F00056A5B /* Assets.xcassets in Resources */,
				5CBE0D302946325F00056A5B /* Main.storyboard in Resources */,
				5C8E8734294664B9004A2F38 /* TestCell.xib in Resources */,
				5CBE0D3F2946331D00056A5B /* PUVC.xib in Resources */,
			);
			runOnlyForDeploymentPostprocessing = 0;
		};
/* End PBXResourcesBuildPhase section */

/* Begin PBXSourcesBuildPhase section */
		5CBE0D212946325F00056A5B /* Sources */ = {
			isa = PBXSourcesBuildPhase;
			buildActionMask = 2147483647;
			files = (
				5CBE0D2D2946325F00056A5B /* ViewController.swift in Sources */,
				5C8E8733294664B9004A2F38 /* TestCell.swift in Sources */,
				5CBE0D3E2946331D00056A5B /* PUVC.swift in Sources */,
				5CBE0D292946325F00056A5B /* AppDelegate.swift in Sources */,
			);
			runOnlyForDeploymentPostprocessing = 0;
		};
/* End PBXSourcesBuildPhase section */

/* Begin PBXVariantGroup section */
		5CBE0D2E2946325F00056A5B /* Main.storyboard */ = {
			isa = PBXVariantGroup;
			children = (
				5CBE0D2F2946325F00056A5B /* Base */,
			);
			name = Main.storyboard;
			sourceTree = "<group>";
		};
		5CBE0D332946325F00056A5B /* LaunchScreen.storyboard */ = {
			isa = PBXVariantGroup;
			children = (
				5CBE0D342946325F00056A5B /* Base */,
			);
			name = LaunchScreen.storyboard;
			sourceTree = "<group>";
		};
/* End PBXVariantGroup section */

/* Begin XCBuildConfiguration section */
		5CBE0D372946325F00056A5B /* Debug */ = {
			isa = XCBuildConfiguration;
			buildSettings = {
				ALWAYS_SEARCH_USER_PATHS = NO;
				CLANG_ANALYZER_NONNULL = YES;
				CLANG_ANALYZER_NUMBER_OBJECT_CONVERSION = YES_AGGRESSIVE;
				CLANG_CXX_LANGUAGE_STANDARD = "gnu++17";
				CLANG_ENABLE_MODULES = YES;
				CLANG_ENABLE_OBJC_ARC = YES;
				CLANG_ENABLE_OBJC_WEAK = YES;
				CLANG_WARN_BLOCK_CAPTURE_AUTORELEASING = YES;
				CLANG_WARN_BOOL_CONVERSION = YES;
				CLANG_WARN_COMMA = YES;
				CLANG_WARN_CONSTANT_CONVERSION = YES;
				CLANG_WARN_DEPRECATED_OBJC_IMPLEMENTATIONS = YES;
				CLANG_WARN_DIRECT_OBJC_ISA_USAGE = YES_ERROR;
				CLANG_WARN_DOCUMENTATION_COMMENTS = YES;
				CLANG_WARN_EMPTY_BODY = YES;
				CLANG_WARN_ENUM_CONVERSION = YES;
				CLANG_WARN_INFINITE_RECURSION = YES;
				CLANG_WARN_INT_CONVERSION = YES;
				CLANG_WARN_NON_LITERAL_NULL_CONVERSION = YES;
				CLANG_WARN_OBJC_IMPLICIT_RETAIN_SELF = YES;
				CLANG_WARN_OBJC_LITERAL_CONVERSION = YES;
				CLANG_WARN_OBJC_ROOT_CLASS = YES_ERROR;
				CLANG_WARN_QUOTED_INCLUDE_IN_FRAMEWORK_HEADER = YES;
				CLANG_WARN_RANGE_LOOP_ANALYSIS = YES;
				CLANG_WARN_STRICT_PROTOTYPES = YES;
				CLANG_WARN_SUSPICIOUS_MOVE = YES;
				CLANG_WARN_UNGUARDED_AVAILABILITY = YES_AGGRESSIVE;
				CLANG_WARN_UNREACHABLE_CODE = YES;
				CLANG_WARN__DUPLICATE_METHOD_MATCH = YES;
				COPY_PHASE_STRIP = NO;
				DEBUG_INFORMATION_FORMAT = dwarf;
				ENABLE_STRICT_OBJC_MSGSEND = YES;
				ENABLE_TESTABILITY = YES;
				GCC_C_LANGUAGE_STANDARD = gnu11;
				GCC_DYNAMIC_NO_PIC = NO;
				GCC_NO_COMMON_BLOCKS = YES;
				GCC_OPTIMIZATION_LEVEL = 0;
				GCC_PREPROCESSOR_DEFINITIONS = (
					"DEBUG=1",
					"$(inherited)",
				);
				GCC_WARN_64_TO_32_BIT_CONVERSION = YES;
				GCC_WARN_ABOUT_RETURN_TYPE = YES_ERROR;
				GCC_WARN_UNDECLARED_SELECTOR = YES;
				GCC_WARN_UNINITIALIZED_AUTOS = YES_AGGRESSIVE;
				GCC_WARN_UNUSED_FUNCTION = YES;
				GCC_WARN_UNUSED_VARIABLE = YES;
				IPHONEOS_DEPLOYMENT_TARGET = 10.0;
				MTL_ENABLE_DEBUG_INFO = INCLUDE_SOURCE;
				MTL_FAST_MATH = YES;
				ONLY_ACTIVE_ARCH = YES;
				SDKROOT = iphoneos;
				SWIFT_ACTIVE_COMPILATION_CONDITIONS = DEBUG;
				SWIFT_OPTIMIZATION_LEVEL = "-Onone";
			};
			name = Debug;
		};
		5CBE0D382946325F00056A5B /* Release */ = {
			isa = XCBuildConfiguration;
			buildSettings = {
				ALWAYS_SEARCH_USER_PATHS = NO;
				CLANG_ANALYZER_NONNULL = YES;
				CLANG_ANALYZER_NUMBER_OBJECT_CONVERSION = YES_AGGRESSIVE;
				CLANG_CXX_LANGUAGE_STANDARD = "gnu++17";
				CLANG_ENABLE_MODULES = YES;
				CLANG_ENABLE_OBJC_ARC = YES;
				CLANG_ENABLE_OBJC_WEAK = YES;
				CLANG_WARN_BLOCK_CAPTURE_AUTORELEASING = YES;
				CLANG_WARN_BOOL_CONVERSION = YES;
				CLANG_WARN_COMMA = YES;
				CLANG_WARN_CONSTANT_CONVERSION = YES;
				CLANG_WARN_DEPRECATED_OBJC_IMPLEMENTATIONS = YES;
				CLANG_WARN_DIRECT_OBJC_ISA_USAGE = YES_ERROR;
				CLANG_WARN_DOCUMENTATION_COMMENTS = YES;
				CLANG_WARN_EMPTY_BODY = YES;
				CLANG_WARN_ENUM_CONVERSION = YES;
				CLANG_WARN_INFINITE_RECURSION = YES;
				CLANG_WARN_INT_CONVERSION = YES;
				CLANG_WARN_NON_LITERAL_NULL_CONVERSION = YES;
				CLANG_WARN_OBJC_IMPLICIT_RETAIN_SELF = YES;
				CLANG_WARN_OBJC_LITERAL_CONVERSION = YES;
				CLANG_WARN_OBJC_ROOT_CLASS = YES_ERROR;
				CLANG_WARN_QUOTED_INCLUDE_IN_FRAMEWORK_HEADER = YES;
				CLANG_WARN_RANGE_LOOP_ANALYSIS = YES;
				CLANG_WARN_STRICT_PROTOTYPES = YES;
				CLANG_WARN_SUSPICIOUS_MOVE = YES;
				CLANG_WARN_UNGUARDED_AVAILABILITY = YES_AGGRESSIVE;
				CLANG_WARN_UNREACHABLE_CODE = YES;
				CLANG_WARN__DUPLICATE_METHOD_MATCH = YES;
				COPY_PHASE_STRIP = NO;
				DEBUG_INFORMATION_FORMAT = "dwarf-with-dsym";
				ENABLE_NS_ASSERTIONS = NO;
				ENABLE_STRICT_OBJC_MSGSEND = YES;
				GCC_C_LANGUAGE_STANDARD = gnu11;
				GCC_NO_COMMON_BLOCKS = YES;
				GCC_WARN_64_TO_32_BIT_CONVERSION = YES;
				GCC_WARN_ABOUT_RETURN_TYPE = YES_ERROR;
				GCC_WARN_UNDECLARED_SELECTOR = YES;
				GCC_WARN_UNINITIALIZED_AUTOS = YES_AGGRESSIVE;
				GCC_WARN_UNUSED_FUNCTION = YES;
				GCC_WARN_UNUSED_VARIABLE = YES;
				IPHONEOS_DEPLOYMENT_TARGET = 10.0;
				MTL_ENABLE_DEBUG_INFO = NO;
				MTL_FAST_MATH = YES;
				SDKROOT = iphoneos;
				SWIFT_COMPILATION_MODE = wholemodule;
				SWIFT_OPTIMIZATION_LEVEL = "-O";
				VALIDATE_PRODUCT = YES;
			};
			name = Release;
		};
		5CBE0D3A2946325F00056A5B /* Debug */ = {
			isa = XCBuildConfiguration;
			buildSettings = {
				ASSETCATALOG_COMPILER_APPICON_NAME = AppIcon;
				ASSETCATALOG_COMPILER_GLOBAL_ACCENT_COLOR_NAME = AccentColor;
				CODE_SIGN_STYLE = Automatic;
				CURRENT_PROJECT_VERSION = 1;
				DEVELOPMENT_TEAM = 6XT89P2255;
				GENERATE_INFOPLIST_FILE = YES;
				INFOPLIST_FILE = PUVC/Info.plist;
				INFOPLIST_KEY_UIApplicationSupportsIndirectInputEvents = YES;
				INFOPLIST_KEY_UILaunchStoryboardName = LaunchScreen;
				INFOPLIST_KEY_UIMainStoryboardFile = Main;
				INFOPLIST_KEY_UISupportedInterfaceOrientations_iPad = "UIInterfaceOrientationPortrait UIInterfaceOrientationPortraitUpsideDown UIInterfaceOrientationLandscapeLeft UIInterfaceOrientationLandscapeRight";
				INFOPLIST_KEY_UISupportedInterfaceOrientations_iPhone = "UIInterfaceOrientationPortrait UIInterfaceOrientationLandscapeLeft UIInterfaceOrientationLandscapeRight";
				LD_RUNPATH_SEARCH_PATHS = (
					"$(inherited)",
					"@executable_path/Frameworks",
				);
				MARKETING_VERSION = 1.0;
				PRODUCT_BUNDLE_IDENTIFIER = "Jesus--.PUVC";
				PRODUCT_NAME = "$(TARGET_NAME)";
				SWIFT_EMIT_LOC_STRINGS = YES;
				SWIFT_VERSION = 5.0;
				TARGETED_DEVICE_FAMILY = "1,2";
			};
			name = Debug;
		};
		5CBE0D3B2946325F00056A5B /* Release */ = {
			isa = XCBuildConfiguration;
			buildSettings = {
				ASSETCATALOG_COMPILER_APPICON_NAME = AppIcon;
				ASSETCATALOG_COMPILER_GLOBAL_ACCENT_COLOR_NAME = AccentColor;
				CODE_SIGN_STYLE = Automatic;
				CURRENT_PROJECT_VERSION = 1;
				DEVELOPMENT_TEAM = 6XT89P2255;
				GENERATE_INFOPLIST_FILE = YES;
				INFOPLIST_FILE = PUVC/Info.plist;
				INFOPLIST_KEY_UIApplicationSupportsIndirectInputEvents = YES;
				INFOPLIST_KEY_UILaunchStoryboardName = LaunchScreen;
				INFOPLIST_KEY_UIMainStoryboardFile = Main;
				INFOPLIST_KEY_UISupportedInterfaceOrientations_iPad = "UIInterfaceOrientationPortrait UIInterfaceOrientationPortraitUpsideDown UIInterfaceOrientationLandscapeLeft UIInterfaceOrientationLandscapeRight";
				INFOPLIST_KEY_UISupportedInterfaceOrientations_iPhone = "UIInterfaceOrientationPortrait UIInterfaceOrientationLandscapeLeft UIInterfaceOrientationLandscapeRight";
				LD_RUNPATH_SEARCH_PATHS = (
					"$(inherited)",
					"@executable_path/Frameworks",
				);
				MARKETING_VERSION = 1.0;
				PRODUCT_BUNDLE_IDENTIFIER = "Jesus--.PUVC";
				PRODUCT_NAME = "$(TARGET_NAME)";
				SWIFT_EMIT_LOC_STRINGS = YES;
				SWIFT_VERSION = 5.0;
				TARGETED_DEVICE_FAMILY = "1,2";
			};
			name = Release;
		};
/* End XCBuildConfiguration section */

/* Begin XCConfigurationList section */
		5CBE0D202946325F00056A5B /* Build configuration list for PBXProject "PUVC" */ = {
			isa = XCConfigurationList;
			buildConfigurations = (
				5CBE0D372946325F00056A5B /* Debug */,
				5CBE0D382946325F00056A5B /* Release */,
			);
			defaultConfigurationIsVisible = 0;
			defaultConfigurationName = Release;
		};
		5CBE0D392946325F00056A5B /* Build configuration list for PBXNativeTarget "PUVC" */ = {
			isa = XCConfigurationList;
			buildConfigurations = (
				5CBE0D3A2946325F00056A5B /* Debug */,
				5CBE0D3B2946325F00056A5B /* Release */,
			);
			defaultConfigurationIsVisible = 0;
			defaultConfigurationName = Release;
		};
/* End XCConfigurationList section */
	};
	rootObject = 5CBE0D1D2946325F00056A5B /* Project object */;
}
